
Microsoft Visual Studio Solution File, Format Version 12.00
# Visual Studio Version 16
VisualStudioVersion = 16.0.30717.126
MinimumVisualStudioVersion = 10.0.40219.1
Project("{FAE04EC0-301F-11D3-BF4B-00C04F79EFBC}") = "CosmoRequests", "CosmoRequests\CosmoRequests.csproj", "{45F43BF9-3D62-42C6-924E-4809A9AEAB76}"
EndProject
Project("{FAE04EC0-301F-11D3-BF4B-00C04F79EFBC}") = "teste", "teste\teste.csproj", "{EEBCD1A1-F8B1-4A91-8152-23CC961DA369}"
EndProject
Global
	GlobalSection(SolutionConfigurationPlatforms) = preSolution
		Debug|Any CPU = Debug|Any CPU
		Release|Any CPU = Release|Any CPU
	EndGlobalSection
	GlobalSection(ProjectConfigurationPlatforms) = postSolution
		{45F43BF9-3D62-42C6-924E-4809A9AEAB76}.Debug|Any CPU.ActiveCfg = Debug|Any CPU
		{45F43BF9-3D62-42C6-924E-4809A9AEAB76}.Debug|Any CPU.Build.0 = Debug|Any CPU
		{45F43BF9-3D62-42C6-924E-4809A9AEAB76}.Release|Any CPU.ActiveCfg = Release|Any CPU
		{45F43BF9-3D62-42C6-924E-4809A9AEAB76}.Release|Any CPU.Build.0 = Release|Any CPU
		{EEBCD1A1-F8B1-4A91-8152-23CC961DA369}.Debug|Any CPU.ActiveCfg = Debug|Any CPU
		{EEBCD1A1-F8B1-4A91-8152-23CC961DA369}.Debug|Any CPU.Build.0 = Debug|Any CPU
		{EEBCD1A1-F8B1-4A91-8152-23CC961DA369}.Release|Any CPU.ActiveCfg = Release|Any CPU
		{EEBCD1A1-F8B1-4A91-8152-23CC961DA369}.Release|Any CPU.Build.0 = Release|Any CPU
	EndGlobalSection
	GlobalSection(SolutionProperties) = preSolution
		HideSolutionNode = FALSE
	EndGlobalSection
	GlobalSection(ExtensibilityGlobals) = postSolution
		SolutionGuid = {A299B285-9D96-4008-9CB8-3CB45AF5A672}
	EndGlobalSection
EndGlobal
